{
  "nodes": {
    "melange": {
      "inputs": {
        "melange-compiler-libs": "melange-compiler-libs",
        "nixpkgs": [
          "nixpkgs"
        ]
      },
      "locked": {
        "lastModified": 1783843147,
        "narHash": "sha256-lT+PtjJ6l6eQGhd/2szsj9alpV5tn/0uouC3OkeTeX0=",
        "ref": "refs/heads/v7-55",
        "rev": "08cd3ca8fcc9ec2a75ebacb5f86f336467cd2e6c",
        "shallow": true,
        "type": "git",
        "url": "https://github.com/melange-re/melange"
      },
      "original": {
        "ref": "refs/heads/v7-55",
        "shallow": true,
        "type": "git",
        "url": "https://github.com/melange-re/melange"
      }
    },
    "melange-compiler-libs": {
      "inputs": {
        "nixpkgs": [
          "melange",
          "nixpkgs"
        ]
      },
      "locked": {
        "lastModified": 1783838866,
        "narHash": "sha256-6WDLbI7JSXTCFCj3oVqREtU8/c0D+92ULZUR0OrjLxE=",
        "owner": "melange-re",
        "repo": "melange-compiler-libs",
        "rev": "1a75cd25bb0816c047941be084bf5f9527cbbf05",
        "type": "github"
      },
      "original": {
        "owner": "melange-re",
        "ref": "5.5",
        "repo": "melange-compiler-libs",
        "type": "github"
      }
    },
    "nixpkgs": {
      "inputs": {
        "nixpkgs": "nixpkgs_2"
      },
      "locked": {
        "lastModified": 1785641981,
        "narHash": "sha256-inmwxzUvuINNi2l6JeXj9dxPcipzavvJf05z1vg+awg=",
        "owner": "nix-ocaml",
        "repo": "nix-overlays",
        "rev": "7997421fff08eee368ffccec76f4401b9d7b5beb",
        "type": "github"
      },
      "original": {
        "owner": "nix-ocaml",
        "repo": "nix-overlays",
        "type": "github"
      }
    },
    "nixpkgs_2": {
      "locked": {
        "lastModified": 1785638663,
        "narHash": "sha256-yt6kjAgY29W8au8gDWX1NYSjkQBSSuedo43n7Mke4Uk=",
        "owner": "NixOS",
        "repo": "nixpkgs",
        "rev": "0b9e82138431f31772b103d3957994fb254dd5e8",
        "type": "github"
      },
      "original": {
        "owner": "NixOS",
        "repo": "nixpkgs",
        "rev": "0b9e82138431f31772b103d3957994fb254dd5e8",
        "type": "github"
      }
    },
    "ocaml-trunk": {
      "flake": false,
      "locked": {
        "lastModified": 1785577872,
        "narHash": "sha256-F0g6LRmw2LWmIAjMmQ1wfAUyBk86hE5VYKzKb3lbYcc=",
        "owner": "ocaml",
        "repo": "ocaml",
        "rev": "7486b022dcae1fb434767bca1dc79f39e94e2478",
        "type": "github"
      },
      "original": {
        "owner": "ocaml",
        "ref": "trunk",
        "repo": "ocaml",
        "type": "github"
      }
    },
    "revdeps-dune": {
      "inputs": {
        "melange": [
          "melange"
        ],
        "nixpkgs": [
          "nixpkgs"
        ],
        "ocaml-overlays": [
          "nixpkgs"
        ],
        "ocaml-trunk": [
          "ocaml-trunk"
        ],
        "revdeps-dune": [
          "revdeps-dune"
        ]
      },
      "locked": {
        "lastModified": 1785639008,
        "narHash": "sha256-xRUvXhiMDFdzw0pYtS3Cw8Em1NCILOHl44ogH81qCtc=",
        "owner": "ocaml",
        "repo": "dune",
        "rev": "f6751823011027da4bacfdc7476a1b3ad662d8bf",
        "type": "github"
      },
      "original": {
        "owner": "ocaml",
        "repo": "dune",
        "type": "github"
      }
    },
    "root": {
      "inputs": {
        "melange": "melange",
        "nixpkgs": "nixpkgs",
        "ocaml-trunk": "ocaml-trunk",
        "revdeps-dune": "revdeps-dune"
      }
    }
  },
  "root": "root",
  "version": 7
}
