# THIS IS AN AUTOGENERATED FILE. DO NOT EDIT THIS FILE DIRECTLY.
# yarn lockfile v1


"base@github:janestreet/base":
  version "0.0.0"
  resolved "https://codeload.github.com/janestreet/base/tar.gz/9ef390d678d4573ff54b7d94c2cb5ccdf92dc0ad"

"build_path_prefix_map@git+https://gitlab.com/rgrinberg/build_path_prefix_map.git":
  version "0.0.0"
  resolved "git+https://gitlab.com/rgrinberg/build_path_prefix_map.git#72e4090b578d3c1997effa35de1be9ab1b67af3f"

"camomile@github:yoriyuki/camomile.git":
  version "0.0.0"
  resolved "https://codeload.github.com/yoriyuki/camomile/tar.gz/d7d8843c88fae774f513610f8e09a613778e64b3"

"charInfo_width@github:kandu/charInfo_width.git":
  version "0.0.0"
  resolved "https://codeload.github.com/kandu/charInfo_width/tar.gz/20aaaa6dca8f1e0b1ace55b6f2a8ba5e5910b620"

"cinaps@github:janestreet/cinaps":
  version "0.0.0"
  resolved "https://codeload.github.com/janestreet/cinaps/tar.gz/b03f0b2ccf0754ab6fba04105319141ed06bd56a"

"cmdliner@github:dbuenzli/cmdliner":
  version "0.0.0"
  resolved "https://codeload.github.com/dbuenzli/cmdliner/tar.gz/db4d02a9eb47b5c43127a67cb121004b03ea3719"

"cppo@github:ocaml-community/cppo.git":
  version "0.0.0"
  resolved "https://codeload.github.com/ocaml-community/cppo/tar.gz/c3add03db01fa5eba3c5f260625255d670aa5cba"

"csexp@github:diml/csexp":
  version "0.0.0"
  resolved "https://codeload.github.com/diml/csexp/tar.gz/19a2e7bc171a707059c73d78dd18e4e3ff03ac9b"

"jane-street-headers@github:janestreet/jane-street-headers":
  version "0.0.0"
  resolved "https://codeload.github.com/janestreet/jane-street-headers/tar.gz/b90ae4d1fc4356e68e30de6ce7c71cde771c0c52"

"js_of_ocaml-compiler@github:ocsigen/js_of_ocaml":
  version "0.0.0"
  resolved "https://codeload.github.com/ocsigen/js_of_ocaml/tar.gz/09d5731241917577e9c16b6a0063c23baae00df8"

"jst-config@github:janestreet/jst-config":
  version "0.0.0"
  resolved "https://codeload.github.com/janestreet/jst-config/tar.gz/150b1bdb16c2dab8a8bca0f3bdc146791a5c1ddb"

"lambda-term@github:ocaml-community/lambda-term.git":
  version "0.0.0"
  resolved "https://codeload.github.com/ocaml-community/lambda-term/tar.gz/bcb949e420d97c1aac67f93a95d25aca5ac2cb8d"

"lwt@github:ocsigen/lwt.git":
  version "0.0.0"
  resolved "https://codeload.github.com/ocsigen/lwt/tar.gz/20466b8af1d04d07bf62e9d3092f323c5edd5339"

"lwt_log@github:aantron/lwt_log.git":
  version "0.0.0"
  resolved "https://codeload.github.com/aantron/lwt_log/tar.gz/2c5546203f16d649a9e0d09f759953cef34959c7"

"mdx@github:janestreet/realworldocaml/mdx#1.6.0":
  version "0.0.0"
  resolved "https://codeload.github.com/realworldocaml/mdx/tar.gz/143b13fad7560f7ae9b1d32da13acb1d6cae5413"

"menhir@git+https://gitlab.inria.fr/fpottier/menhir.git":
  version "0.0.0"
  resolved "git+https://gitlab.inria.fr/fpottier/menhir.git#673f63e0f2c4ba7046ffae2504eb9ea29ad6d88c"

"mew@github:kandu/mew.git":
  version "0.0.0"
  resolved "https://codeload.github.com/kandu/mew/tar.gz/a72d38ee02be9658585e65fac9c087c8cc7d1c05"

"mew_vi@github:kandu/mew_vi.git":
  version "0.0.0"
  resolved "https://codeload.github.com/kandu/mew_vi/tar.gz/ee2e80c3eb5bd6049c7e505bf2f3c3a75a887063"

"ocaml-compiler-libs@github:janestreet/ocaml-compiler-libs":
  version "0.0.0"
  resolved "https://codeload.github.com/janestreet/ocaml-compiler-libs/tar.gz/1875686a7323ea1de29f66e2e43ee37a1eedd438"

"ocaml-doc@github:ocaml-doc/octavius":
  version "0.0.0"
  resolved "https://codeload.github.com/ocaml-doc/octavius/tar.gz/50820d76c796caffc850cfea93ac2bbc23c86857"

"ocaml-migrate-parsetree@github:ocaml-ppx/ocaml-migrate-parsetree":
  version "0.0.0"
  resolved "https://codeload.github.com/ocaml-ppx/ocaml-migrate-parsetree/tar.gz/4a05cf7a00d84e5f827cc9ae9c75e5dc85126085"

"opam-file-format@github:ocaml/opam-file-format#2.0.0":
  version "0.0.0"
  resolved "https://codeload.github.com/ocaml/opam-file-format/tar.gz/f30f9b8e29499ced8bba821aed953f7b10a73314"

"pp@github:ocaml-dune/pp":
  version "0.0.0"
  resolved "https://codeload.github.com/ocaml-dune/pp/tar.gz/5b54adcb46c9e110d2cfcce96a3e812566c437fc"

"ppx_assert@github:janestreet/ppx_assert":
  version "0.0.0"
  resolved "https://codeload.github.com/janestreet/ppx_assert/tar.gz/6b9b7736c5cec75d4d6f3535d3cca820893c16ca"

"ppx_base@github:janestreet/ppx_base":
  version "0.0.0"
  resolved "https://codeload.github.com/janestreet/ppx_base/tar.gz/92d1f73be8e5d7e95d96042bafdaf5563f64a537"

"ppx_cold@github:janestreet/ppx_cold":
  version "0.0.0"
  resolved "https://codeload.github.com/janestreet/ppx_cold/tar.gz/8dc55aa607823c0e1865942eadc7ce68d961580e"

"ppx_compare@github:janestreet/ppx_compare":
  version "0.0.0"
  resolved "https://codeload.github.com/janestreet/ppx_compare/tar.gz/97325464729800f145c83f9c6cb89615d68c2bd8"

"ppx_derivers@github:ocaml-ppx/ppx_derivers":
  version "0.0.0"
  resolved "https://codeload.github.com/ocaml-ppx/ppx_derivers/tar.gz/d6655353f647d33de12d215aaa477ba936febef3"

"ppx_enumerate@github:janestreet/ppx_enumerate":
  version "0.0.0"
  resolved "https://codeload.github.com/janestreet/ppx_enumerate/tar.gz/990940d3197c8d107714a61145ded1694669f2ab"

"ppx_expect@github:janestreet/ppx_expect":
  version "0.0.0"
  resolved "https://codeload.github.com/janestreet/ppx_expect/tar.gz/13af5f180f94853a4b7af79d37ab002141a88d20"

"ppx_hash@github:janestreet/ppx_hash":
  version "0.0.0"
  resolved "https://codeload.github.com/janestreet/ppx_hash/tar.gz/076d57eac6750da09213b271711ab342aeeaf520"

"ppx_here@github:janestreet/ppx_here":
  version "0.0.0"
  resolved "https://codeload.github.com/janestreet/ppx_here/tar.gz/8549d04fb3742dd4a85c1c3d40e78e5c46aff429"

"ppx_inline_test@github:janestreet/ppx_inline_test":
  version "0.0.0"
  resolved "https://codeload.github.com/janestreet/ppx_inline_test/tar.gz/d9201d312ab9f0513b60d2db52f21b071fc368d4"

"ppx_js_style@github:janestreet/ppx_js_style":
  version "0.0.0"
  resolved "https://codeload.github.com/janestreet/ppx_js_style/tar.gz/7915232f477977a4db75a402c557ef2499e7c1c1"

"ppx_optcomp@github:janestreet/ppx_optcomp#v0.14.1":
  version "0.0.0"
  resolved "https://codeload.github.com/janestreet/ppx_optcomp/tar.gz/8f30ac19cc93996e4ade8993baafafd94f3a77cb"

"ppx_sexp_conv@github:janestreet/ppx_sexp_conv#v0.14.1":
  version "0.0.0"
  resolved "https://codeload.github.com/janestreet/ppx_sexp_conv/tar.gz/8b6ad3db2719a5e8792ad3d85466ef58ea000879"

"ppxlib@github:ocaml-ppx/ppxlib#v0.13.0":
  version "0.0.0"
  resolved "https://codeload.github.com/ocaml-ppx/ppxlib/tar.gz/a148a3c976e0a3d71e93ea5287c7cfd546844656"

"re@github:ocaml/ocaml-re":
  version "0.0.0"
  resolved "https://codeload.github.com/ocaml/ocaml-re/tar.gz/b3895364b3ec04a7c5c115df88f0fddd722b194c"

"result@github:rgrinberg/result#remove-backwards-compat":
  version "0.0.0"
  resolved "https://codeload.github.com/rgrinberg/result/tar.gz/b16aff7294f7e1d6983d444424a58ebca47b4280"

"sexplib0@github:janestreet/sexplib0":
  version "0.0.0"
  resolved "https://codeload.github.com/janestreet/sexplib0/tar.gz/4d248d175a296a13ce95d23c78f5aca5ad04bfc9"

"stdio@github:janestreet/stdio":
  version "0.0.0"
  resolved "https://codeload.github.com/janestreet/stdio/tar.gz/8c7482ebe18c35bc9a5ee4d3365631c662a87521"

"stdlib-shims@github:ocaml/stdlib-shims":
  version "0.0.0"
  resolved "https://codeload.github.com/ocaml/stdlib-shims/tar.gz/4478d2c95f70be324224fd608c29876ca8384aa1"

"time_now@github:janestreet/time_now":
  version "0.0.0"
  resolved "https://codeload.github.com/janestreet/time_now/tar.gz/b09d087f2c350d5c6af3a4bcc54f28a12b735d0f"

"utop@github:ocaml-community/utop.git":
  version "0.0.0"
  resolved "https://codeload.github.com/ocaml-community/utop/tar.gz/7bc5117d3449fc19f5c706a6decfdb2a30984507"

"zed@github:ocaml-community/zed.git":
  version "0.0.0"
  resolved "https://codeload.github.com/ocaml-community/zed/tar.gz/3d1293205db625a5ea4d29cfe214d731c2596850"
