# THIS IS AN AUTOGENERATED FILE. DO NOT EDIT THIS FILE DIRECTLY.
# yarn lockfile v1


"build_path_prefix_map@git+https://gitlab.com/rgrinberg/build_path_prefix_map.git":
  version "0.0.0"
  resolved "git+https://gitlab.com/rgrinberg/build_path_prefix_map.git#72e4090b578d3c1997effa35de1be9ab1b67af3f"

"camomile@git+https://github.com/yoriyuki/camomile.git":
  version "0.0.0"
  resolved "git+https://github.com/yoriyuki/camomile.git#d7d8843c88fae774f513610f8e09a613778e64b3"

"charInfo_width@git+https://github.com/kandu/charInfo_width.git":
  version "0.0.0"
  resolved "git+https://github.com/kandu/charInfo_width.git#20aaaa6dca8f1e0b1ace55b6f2a8ba5e5910b620"

"cmdliner@github:dbuenzli/cmdliner":
  version "0.0.0"
  resolved "https://codeload.github.com/dbuenzli/cmdliner/tar.gz/db4d02a9eb47b5c43127a67cb121004b03ea3719"

"csexp@github:diml/csexp":
  version "0.0.0"
  resolved "https://codeload.github.com/diml/csexp/tar.gz/19a2e7bc171a707059c73d78dd18e4e3ff03ac9b"

"lambda-term@git+https://github.com/ocaml-community/lambda-term.git":
  version "0.0.0"
  resolved "git+https://github.com/ocaml-community/lambda-term.git#bcb949e420d97c1aac67f93a95d25aca5ac2cb8d"

"lwt@git+https://github.com/ocsigen/lwt.git":
  version "0.0.0"
  resolved "git+https://github.com/ocsigen/lwt.git#20466b8af1d04d07bf62e9d3092f323c5edd5339"

"lwt_log@git+https://github.com/aantron/lwt_log.git":
  version "0.0.0"
  resolved "git+https://github.com/aantron/lwt_log.git#2c5546203f16d649a9e0d09f759953cef34959c7"

"mew@git+https://github.com/kandu/mew.git":
  version "0.0.0"
  resolved "git+https://github.com/kandu/mew.git#a72d38ee02be9658585e65fac9c087c8cc7d1c05"

"mew_vi@git+https://github.com/kandu/mew_vi.git":
  version "0.0.0"
  resolved "git+https://github.com/kandu/mew_vi.git#ee2e80c3eb5bd6049c7e505bf2f3c3a75a887063"

"ocaml-migrate-parsetree@github:ocaml-ppx/ocaml-migrate-parsetree":
  version "0.0.0"
  resolved "https://codeload.github.com/ocaml-ppx/ocaml-migrate-parsetree/tar.gz/4a05cf7a00d84e5f827cc9ae9c75e5dc85126085"

"opam-file-format@github:ocaml/opam-file-format":
  version "0.0.0"
  resolved "https://codeload.github.com/ocaml/opam-file-format/tar.gz/2170573c17aeeaba1328910af733602d171a7147"

"pp@github:ocaml-dune/pp":
  version "0.0.0"
  resolved "https://codeload.github.com/ocaml-dune/pp/tar.gz/5b54adcb46c9e110d2cfcce96a3e812566c437fc"

"ppxlib@github:ocaml-ppx/ppxlib":
  version "0.0.0"
  resolved "https://codeload.github.com/ocaml-ppx/ppxlib/tar.gz/cb9be6802b983f7851c35c91400bbdd28536215f"

"re@github:ocaml/ocaml-re":
  version "0.0.0"
  resolved "https://codeload.github.com/ocaml/ocaml-re/tar.gz/b3895364b3ec04a7c5c115df88f0fddd722b194c"

"result@github:rgrinberg/result#remove-backwards-compat":
  version "0.0.0"
  resolved "https://codeload.github.com/rgrinberg/result/tar.gz/b16aff7294f7e1d6983d444424a58ebca47b4280"

"utop@git+https://github.com/ocaml-community/utop.git":
  version "0.0.0"
  resolved "git+https://github.com/ocaml-community/utop.git#7bc5117d3449fc19f5c706a6decfdb2a30984507"

"zed@git+https://github.com/ocaml-community/zed.git":
  version "0.0.0"
  resolved "git+https://github.com/ocaml-community/zed.git#3d1293205db625a5ea4d29cfe214d731c2596850"
